
Microsoft Visual Studio Solution File, Format Version 12.00
# Visual Studio Version 16
VisualStudioVersion = 16.0.31105.61
MinimumVisualStudioVersion = 10.0.40219.1
Project("{2150E333-8FDC-42A3-9474-1A3956D46DE8}") = "Application", "Application", "{990934D0-1245-485D-B108-C89CBA0D709B}"
EndProject
Project("{2150E333-8FDC-42A3-9474-1A3956D46DE8}") = "Domain", "Domain", "{69AC1E52-73C7-403A-A83B-8E05CF975773}"
EndProject
Project("{2150E333-8FDC-42A3-9474-1A3956D46DE8}") = "Infra.loC", "Infra.loC", "{0858D2DB-94C4-4D34-B0D2-B0CBC04BA75C}"
EndProject
Project("{2150E333-8FDC-42A3-9474-1A3956D46DE8}") = "Infra.Data", "Infra.Data", "{2628C309-77D0-49C5-A5FD-1BDCCB48FCDE}"
EndProject
Project("{2150E333-8FDC-42A3-9474-1A3956D46DE8}") = "Presentation", "Presentation", "{5BF962E4-E138-4F1C-BE0F-93504DB34EAA}"
EndProject
Project("{9A19103F-16F7-4668-BE54-9A1E7A4F7556}") = "demo.mvc", "demo.mvc\demo.mvc.csproj", "{FB061C02-4E31-4096-B712-02B289E19C9F}"
EndProject
Project("{FAE04EC0-301F-11D3-BF4B-00C04F79EFBC}") = "Demo.Dmain", "Demo.Dmain\Demo.Dmain.csproj", "{E9F6FE88-9AB5-499E-B636-23C339FF9DE8}"
EndProject
Project("{FAE04EC0-301F-11D3-BF4B-00C04F79EFBC}") = "Demo.Data", "Demo.Data\Demo.Data.csproj", "{870D9572-2791-4CAF-8F44-E259465C939B}"
EndProject
Project("{FAE04EC0-301F-11D3-BF4B-00C04F79EFBC}") = "Demo.Application", "Demo.Application\Demo.Application.csproj", "{184A9585-013E-4D6C-8C5D-579C5F94B56A}"
EndProject
Global
	GlobalSection(SolutionConfigurationPlatforms) = preSolution
		Debug|Any CPU = Debug|Any CPU
		Release|Any CPU = Release|Any CPU
	EndGlobalSection
	GlobalSection(ProjectConfigurationPlatforms) = postSolution
		{FB061C02-4E31-4096-B712-02B289E19C9F}.Debug|Any CPU.ActiveCfg = Debug|Any CPU
		{FB061C02-4E31-4096-B712-02B289E19C9F}.Debug|Any CPU.Build.0 = Debug|Any CPU
		{FB061C02-4E31-4096-B712-02B289E19C9F}.Release|Any CPU.ActiveCfg = Release|Any CPU
		{FB061C02-4E31-4096-B712-02B289E19C9F}.Release|Any CPU.Build.0 = Release|Any CPU
		{E9F6FE88-9AB5-499E-B636-23C339FF9DE8}.Debug|Any CPU.ActiveCfg = Debug|Any CPU
		{E9F6FE88-9AB5-499E-B636-23C339FF9DE8}.Debug|Any CPU.Build.0 = Debug|Any CPU
		{E9F6FE88-9AB5-499E-B636-23C339FF9DE8}.Release|Any CPU.ActiveCfg = Release|Any CPU
		{E9F6FE88-9AB5-499E-B636-23C339FF9DE8}.Release|Any CPU.Build.0 = Release|Any CPU
		{870D9572-2791-4CAF-8F44-E259465C939B}.Debug|Any CPU.ActiveCfg = Debug|Any CPU
		{870D9572-2791-4CAF-8F44-E259465C939B}.Debug|Any CPU.Build.0 = Debug|Any CPU
		{870D9572-2791-4CAF-8F44-E259465C939B}.Release|Any CPU.ActiveCfg = Release|Any CPU
		{870D9572-2791-4CAF-8F44-E259465C939B}.Release|Any CPU.Build.0 = Release|Any CPU
		{184A9585-013E-4D6C-8C5D-579C5F94B56A}.Debug|Any CPU.ActiveCfg = Debug|Any CPU
		{184A9585-013E-4D6C-8C5D-579C5F94B56A}.Debug|Any CPU.Build.0 = Debug|Any CPU
		{184A9585-013E-4D6C-8C5D-579C5F94B56A}.Release|Any CPU.ActiveCfg = Release|Any CPU
		{184A9585-013E-4D6C-8C5D-579C5F94B56A}.Release|Any CPU.Build.0 = Release|Any CPU
	EndGlobalSection
	GlobalSection(SolutionProperties) = preSolution
		HideSolutionNode = FALSE
	EndGlobalSection
	GlobalSection(NestedProjects) = preSolution
		{FB061C02-4E31-4096-B712-02B289E19C9F} = {5BF962E4-E138-4F1C-BE0F-93504DB34EAA}
		{E9F6FE88-9AB5-499E-B636-23C339FF9DE8} = {69AC1E52-73C7-403A-A83B-8E05CF975773}
		{870D9572-2791-4CAF-8F44-E259465C939B} = {2628C309-77D0-49C5-A5FD-1BDCCB48FCDE}
		{184A9585-013E-4D6C-8C5D-579C5F94B56A} = {990934D0-1245-485D-B108-C89CBA0D709B}
	EndGlobalSection
	GlobalSection(ExtensibilityGlobals) = postSolution
		SolutionGuid = {034FF8F6-64BD-4322-B426-525F54B4E6D8}
	EndGlobalSection
EndGlobal
